
Microsoft Visual Studio Solution File, Format Version 12.00
# Visual Studio Version 16
VisualStudioVersion = 25.0.1706.1
MinimumVisualStudioVersion = 10.0.40219.1
Project("{FAE04EC0-301F-11D3-BF4B-00C04F79EFBC}") = "CoCoffee", "CoCoffee\CoCoffee.csproj", "{03384808-7598-4447-A958-BA9D213E7A0B}"
EndProject
Global
	GlobalSection(SolutionConfigurationPlatforms) = preSolution
		Debug|Any CPU = Debug|Any CPU
		Release|Any CPU = Release|Any CPU
	EndGlobalSection
	GlobalSection(ProjectConfigurationPlatforms) = postSolution
		{03384808-7598-4447-A958-BA9D213E7A0B}.Debug|Any CPU.ActiveCfg = Debug|Any CPU
		{03384808-7598-4447-A958-BA9D213E7A0B}.Debug|Any CPU.Build.0 = Debug|Any CPU
		{03384808-7598-4447-A958-BA9D213E7A0B}.Release|Any CPU.ActiveCfg = Release|Any CPU
		{03384808-7598-4447-A958-BA9D213E7A0B}.Release|Any CPU.Build.0 = Release|Any CPU
	EndGlobalSection
	GlobalSection(SolutionProperties) = preSolution
		HideSolutionNode = FALSE
	EndGlobalSection
	GlobalSection(ExtensibilityGlobals) = postSolution
		SolutionGuid = {A44CEF9B-8203-41C9-82AC-7ABF6D6342D7}
	EndGlobalSection
EndGlobal
